{
  "name": "sapnashrijewellers.github.io",
  "version": "1.0.0",
  "lockfileVersion": 3,
  "requires": true,
  "packages": {
    "": {
      "name": "sapnashrijewellers.github.io",
      "version": "1.0.0",
      "workspaces": [
        "catalog/*",
        "packages/*"
      ],
      "dependencies": {
        "workbox-cacheable-response": "^7.3.0"
      },
      "devDependencies": {
        "turbo": "^2.5.8"
      }
    },
    "node_modules/turbo": {
      "version": "2.5.8",
      "dev": true,
      "license": "MIT",
      "bin": {
        "turbo": "bin/turbo"
      },
      "optionalDependencies": {
        "turbo-darwin-64": "2.5.8",
        "turbo-darwin-arm64": "2.5.8",
        "turbo-linux-64": "2.5.8",
        "turbo-linux-arm64": "2.5.8",
        "turbo-windows-64": "2.5.8",
        "turbo-windows-arm64": "2.5.8"
      }
    },
    "node_modules/turbo-linux-64": {
      "version": "2.5.8",
      "cpu": [
        "x64"
      ],
      "dev": true,
      "license": "MIT",
      "optional": true,
      "os": [
        "linux"
      ]
    },
    "node_modules/workbox-cacheable-response": {
      "version": "7.3.0",
      "license": "MIT",
      "dependencies": {
        "workbox-core": "7.3.0"
      }
    },
    "node_modules/workbox-core": {
      "version": "7.3.0",
      "license": "MIT"
    }
  }
}
